
Microsoft Visual Studio Solution File, Format Version 12.00
# Visual Studio Version 16
VisualStudioVersion = 16.0.31105.61
MinimumVisualStudioVersion = 10.0.40219.1
Project("{2150E333-8FDC-42A3-9474-1A3956D46DE8}") = "Game", "Game", "{5E886669-71B4-48E6-8FE5-28B53F991239}"
EndProject
Project("{8BC9CEB8-8B4A-11D0-8D11-00A0C91BC942}") = "GameProject", "GameProject\GameProject.vcxproj", "{DAE9877E-5C98-4627-848F-E4BE2C759219}"
EndProject
Project("{8BC9CEB8-8B4A-11D0-8D11-00A0C91BC942}") = "VortexEngine", "VortexEngine\VortexEngine.vcxproj", "{7B1EF0B2-06F4-4FE3-A1F4-768ACF829F1B}"
EndProject
Project("{2150E333-8FDC-42A3-9474-1A3956D46DE8}") = "Engine", "Engine", "{222134A8-929A-4F3F-8683-1E95B7F6B088}"
EndProject

Global
	GlobalSection(SolutionConfigurationPlatforms) = preSolution
		Debug|x64 = Debug|x64
		Debug|x86 = Debug|x86
		Release|x64 = Release|x64
		Release|x86 = Release|x86
	EndGlobalSection
	GlobalSection(ProjectConfigurationPlatforms) = postSolution
		{7B1EF0B2-06F4-4FE3-A1F4-768ACF829F1B}.Debug|x64.ActiveCfg = Debug|x64
		{7B1EF0B2-06F4-4FE3-A1F4-768ACF829F1B}.Debug|x64.Build.0 = Debug|x64
		{7B1EF0B2-06F4-4FE3-A1F4-768ACF829F1B}.Debug|x86.ActiveCfg = Debug|Win32
		{7B1EF0B2-06F4-4FE3-A1F4-768ACF829F1B}.Debug|x86.Build.0 = Debug|Win32
		{7B1EF0B2-06F4-4FE3-A1F4-768ACF829F1B}.Release|x64.ActiveCfg = Release|x64
		{7B1EF0B2-06F4-4FE3-A1F4-768ACF829F1B}.Release|x64.Build.0 = Release|x64
		{7B1EF0B2-06F4-4FE3-A1F4-768ACF829F1B}.Release|x86.ActiveCfg = Release|Win32
		{7B1EF0B2-06F4-4FE3-A1F4-768ACF829F1B}.Release|x86.Build.0 = Release|Win32
		{DAE9877E-5C98-4627-848F-E4BE2C759219}.Debug|x64.ActiveCfg = Debug|x64
		{DAE9877E-5C98-4627-848F-E4BE2C759219}.Debug|x64.Build.0 = Debug|x64
		{DAE9877E-5C98-4627-848F-E4BE2C759219}.Debug|x86.ActiveCfg = Debug|Win32
		{DAE9877E-5C98-4627-848F-E4BE2C759219}.Debug|x86.Build.0 = Debug|Win32
		{DAE9877E-5C98-4627-848F-E4BE2C759219}.Release|x64.ActiveCfg = Release|x64
		{DAE9877E-5C98-4627-848F-E4BE2C759219}.Release|x64.Build.0 = Release|x64
		{DAE9877E-5C98-4627-848F-E4BE2C759219}.Release|x86.ActiveCfg = Release|Win32
		{DAE9877E-5C98-4627-848F-E4BE2C759219}.Release|x86.Build.0 = Release|Win32
	EndGlobalSection
	GlobalSection(SolutionProperties) = preSolution
		HideSolutionNode = FALSE
	EndGlobalSection
	GlobalSection(NestedProjects) = preSolution
		{7B1EF0B2-06F4-4FE3-A1F4-768ACF829F1B} = {222134A8-929A-4F3F-8683-1E95B7F6B088}
		{DAE9877E-5C98-4627-848F-E4BE2C759219} = {5E886669-71B4-48E6-8FE5-28B53F991239}
	EndGlobalSection
	GlobalSection(ExtensibilityGlobals) = postSolution
		SolutionGuid = {68C0788C-DD0D-493B-97C4-438B2CC0CB56}
	EndGlobalSection
EndGlobal
