
Microsoft Visual Studio Solution File, Format Version 12.00
# Visual Studio Version 16
Project("{8BC9CEB8-8B4A-11D0-8D11-00A0C91BC942}") = "GameProject", "GameProject\GameProject.vcxproj", "{96B3495F-0269-C254-8B5D-BC2BF711B958}"
EndProject
Project("{8BC9CEB8-8B4A-11D0-8D11-00A0C91BC942}") = "Assimp", "Vortex\thirdParty\Assimp\Assimp.vcxproj", "{5234E0A7-3ED6-0A7E-2791-1ED213D291CE}"
EndProject
Project("{8BC9CEB8-8B4A-11D0-8D11-00A0C91BC942}") = "Glad", "Vortex\thirdParty\Glad\Glad.vcxproj", "{BDD6857C-A90D-870D-52FA-6C103E10030F}"
EndProject
Project("{8BC9CEB8-8B4A-11D0-8D11-00A0C91BC942}") = "ImGui", "Vortex\thirdParty\imgui\ImGui.vcxproj", "{C0FF640D-2C14-8DBE-F595-301E616989EF}"
EndProject
Project("{8BC9CEB8-8B4A-11D0-8D11-00A0C91BC942}") = "Vortex", "Vortex\Vortex.vcxproj", "{EDC893D8-D96A-BEAE-C225-D202AE6645FF}"
EndProject
Project("{8BC9CEB8-8B4A-11D0-8D11-00A0C91BC942}") = "VortexEditor", "VortexEditor\VortexEditor.vcxproj", "{741C3526-607F-C4CA-0905-FD80F546904D}"
EndProject
Global
	GlobalSection(SolutionConfigurationPlatforms) = preSolution
		Debug|Win32 = Debug|Win32
		Debug|x64 = Debug|x64
		Dist|Win32 = Dist|Win32
		Dist|x64 = Dist|x64
		Release|Win32 = Release|Win32
		Release|x64 = Release|x64
	EndGlobalSection
	GlobalSection(ProjectConfigurationPlatforms) = postSolution
		{96B3495F-0269-C254-8B5D-BC2BF711B958}.Debug|Win32.ActiveCfg = Debug|Win32
		{96B3495F-0269-C254-8B5D-BC2BF711B958}.Debug|Win32.Build.0 = Debug|Win32
		{96B3495F-0269-C254-8B5D-BC2BF711B958}.Debug|x64.ActiveCfg = Debug|x64
		{96B3495F-0269-C254-8B5D-BC2BF711B958}.Debug|x64.Build.0 = Debug|x64
		{96B3495F-0269-C254-8B5D-BC2BF711B958}.Dist|Win32.ActiveCfg = Dist|Win32
		{96B3495F-0269-C254-8B5D-BC2BF711B958}.Dist|Win32.Build.0 = Dist|Win32
		{96B3495F-0269-C254-8B5D-BC2BF711B958}.Dist|x64.ActiveCfg = Dist|x64
		{96B3495F-0269-C254-8B5D-BC2BF711B958}.Dist|x64.Build.0 = Dist|x64
		{96B3495F-0269-C254-8B5D-BC2BF711B958}.Release|Win32.ActiveCfg = Release|Win32
		{96B3495F-0269-C254-8B5D-BC2BF711B958}.Release|Win32.Build.0 = Release|Win32
		{96B3495F-0269-C254-8B5D-BC2BF711B958}.Release|x64.ActiveCfg = Release|x64
		{96B3495F-0269-C254-8B5D-BC2BF711B958}.Release|x64.Build.0 = Release|x64
		{5234E0A7-3ED6-0A7E-2791-1ED213D291CE}.Debug|Win32.ActiveCfg = Debug|Win32
		{5234E0A7-3ED6-0A7E-2791-1ED213D291CE}.Debug|Win32.Build.0 = Debug|Win32
		{5234E0A7-3ED6-0A7E-2791-1ED213D291CE}.Debug|x64.ActiveCfg = Debug|x64
		{5234E0A7-3ED6-0A7E-2791-1ED213D291CE}.Debug|x64.Build.0 = Debug|x64
		{5234E0A7-3ED6-0A7E-2791-1ED213D291CE}.Dist|Win32.ActiveCfg = Dist|Win32
		{5234E0A7-3ED6-0A7E-2791-1ED213D291CE}.Dist|Win32.Build.0 = Dist|Win32
		{5234E0A7-3ED6-0A7E-2791-1ED213D291CE}.Dist|x64.ActiveCfg = Dist|x64
		{5234E0A7-3ED6-0A7E-2791-1ED213D291CE}.Dist|x64.Build.0 = Dist|x64
		{5234E0A7-3ED6-0A7E-2791-1ED213D291CE}.Release|Win32.ActiveCfg = Release|Win32
		{5234E0A7-3ED6-0A7E-2791-1ED213D291CE}.Release|Win32.Build.0 = Release|Win32
		{5234E0A7-3ED6-0A7E-2791-1ED213D291CE}.Release|x64.ActiveCfg = Release|x64
		{5234E0A7-3ED6-0A7E-2791-1ED213D291CE}.Release|x64.Build.0 = Release|x64
		{BDD6857C-A90D-870D-52FA-6C103E10030F}.Debug|Win32.ActiveCfg = Debug|Win32
		{BDD6857C-A90D-870D-52FA-6C103E10030F}.Debug|Win32.Build.0 = Debug|Win32
		{BDD6857C-A90D-870D-52FA-6C103E10030F}.Debug|x64.ActiveCfg = Debug|x64
		{BDD6857C-A90D-870D-52FA-6C103E10030F}.Debug|x64.Build.0 = Debug|x64
		{BDD6857C-A90D-870D-52FA-6C103E10030F}.Dist|Win32.ActiveCfg = Dist|Win32
		{BDD6857C-A90D-870D-52FA-6C103E10030F}.Dist|Win32.Build.0 = Dist|Win32
		{BDD6857C-A90D-870D-52FA-6C103E10030F}.Dist|x64.ActiveCfg = Dist|x64
		{BDD6857C-A90D-870D-52FA-6C103E10030F}.Dist|x64.Build.0 = Dist|x64
		{BDD6857C-A90D-870D-52FA-6C103E10030F}.Release|Win32.ActiveCfg = Release|Win32
		{BDD6857C-A90D-870D-52FA-6C103E10030F}.Release|Win32.Build.0 = Release|Win32
		{BDD6857C-A90D-870D-52FA-6C103E10030F}.Release|x64.ActiveCfg = Release|x64
		{BDD6857C-A90D-870D-52FA-6C103E10030F}.Release|x64.Build.0 = Release|x64
		{C0FF640D-2C14-8DBE-F595-301E616989EF}.Debug|Win32.ActiveCfg = Debug|Win32
		{C0FF640D-2C14-8DBE-F595-301E616989EF}.Debug|Win32.Build.0 = Debug|Win32
		{C0FF640D-2C14-8DBE-F595-301E616989EF}.Debug|x64.ActiveCfg = Debug|x64
		{C0FF640D-2C14-8DBE-F595-301E616989EF}.Debug|x64.Build.0 = Debug|x64
		{C0FF640D-2C14-8DBE-F595-301E616989EF}.Dist|Win32.ActiveCfg = Dist|Win32
		{C0FF640D-2C14-8DBE-F595-301E616989EF}.Dist|Win32.Build.0 = Dist|Win32
		{C0FF640D-2C14-8DBE-F595-301E616989EF}.Dist|x64.ActiveCfg = Dist|x64
		{C0FF640D-2C14-8DBE-F595-301E616989EF}.Dist|x64.Build.0 = Dist|x64
		{C0FF640D-2C14-8DBE-F595-301E616989EF}.Release|Win32.ActiveCfg = Release|Win32
		{C0FF640D-2C14-8DBE-F595-301E616989EF}.Release|Win32.Build.0 = Release|Win32
		{C0FF640D-2C14-8DBE-F595-301E616989EF}.Release|x64.ActiveCfg = Release|x64
		{C0FF640D-2C14-8DBE-F595-301E616989EF}.Release|x64.Build.0 = Release|x64
		{EDC893D8-D96A-BEAE-C225-D202AE6645FF}.Debug|Win32.ActiveCfg = Debug|Win32
		{EDC893D8-D96A-BEAE-C225-D202AE6645FF}.Debug|Win32.Build.0 = Debug|Win32
		{EDC893D8-D96A-BEAE-C225-D202AE6645FF}.Debug|x64.ActiveCfg = Debug|x64
		{EDC893D8-D96A-BEAE-C225-D202AE6645FF}.Debug|x64.Build.0 = Debug|x64
		{EDC893D8-D96A-BEAE-C225-D202AE6645FF}.Dist|Win32.ActiveCfg = Dist|Win32
		{EDC893D8-D96A-BEAE-C225-D202AE6645FF}.Dist|Win32.Build.0 = Dist|Win32
		{EDC893D8-D96A-BEAE-C225-D202AE6645FF}.Dist|x64.ActiveCfg = Dist|x64
		{EDC893D8-D96A-BEAE-C225-D202AE6645FF}.Dist|x64.Build.0 = Dist|x64
		{EDC893D8-D96A-BEAE-C225-D202AE6645FF}.Release|Win32.ActiveCfg = Release|Win32
		{EDC893D8-D96A-BEAE-C225-D202AE6645FF}.Release|Win32.Build.0 = Release|Win32
		{EDC893D8-D96A-BEAE-C225-D202AE6645FF}.Release|x64.ActiveCfg = Release|x64
		{EDC893D8-D96A-BEAE-C225-D202AE6645FF}.Release|x64.Build.0 = Release|x64
		{741C3526-607F-C4CA-0905-FD80F546904D}.Debug|Win32.ActiveCfg = Debug|Win32
		{741C3526-607F-C4CA-0905-FD80F546904D}.Debug|Win32.Build.0 = Debug|Win32
		{741C3526-607F-C4CA-0905-FD80F546904D}.Debug|x64.ActiveCfg = Debug|x64
		{741C3526-607F-C4CA-0905-FD80F546904D}.Debug|x64.Build.0 = Debug|x64
		{741C3526-607F-C4CA-0905-FD80F546904D}.Dist|Win32.ActiveCfg = Dist|Win32
		{741C3526-607F-C4CA-0905-FD80F546904D}.Dist|Win32.Build.0 = Dist|Win32
		{741C3526-607F-C4CA-0905-FD80F546904D}.Dist|x64.ActiveCfg = Dist|x64
		{741C3526-607F-C4CA-0905-FD80F546904D}.Dist|x64.Build.0 = Dist|x64
		{741C3526-607F-C4CA-0905-FD80F546904D}.Release|Win32.ActiveCfg = Release|Win32
		{741C3526-607F-C4CA-0905-FD80F546904D}.Release|Win32.Build.0 = Release|Win32
		{741C3526-607F-C4CA-0905-FD80F546904D}.Release|x64.ActiveCfg = Release|x64
		{741C3526-607F-C4CA-0905-FD80F546904D}.Release|x64.Build.0 = Release|x64
	EndGlobalSection
	GlobalSection(SolutionProperties) = preSolution
		HideSolutionNode = FALSE
	EndGlobalSection
EndGlobal
