<?xml version="1.0" encoding="utf-8"?>
<Project ToolsVersion="4.0" xmlns="http://schemas.microsoft.com/developer/msbuild/2003">
  <ItemGroup>
    <Filter Include="Core">
      <UniqueIdentifier>{2EB4837C-1AEB-840D-C3D7-6A10AFED000F}</UniqueIdentifier>
    </Filter>
    <Filter Include="Core\Events">
      <UniqueIdentifier>{52201B74-BED5-9369-47CA-8D40B37E8A6D}</UniqueIdentifier>
    </Filter>
    <Filter Include="Platforms">
      <UniqueIdentifier>{DDACA145-4917-56BC-9255-0762FEFE3311}</UniqueIdentifier>
    </Filter>
    <Filter Include="Platforms\Windows">
      <UniqueIdentifier>{17E40808-83FA-069E-CC71-92BF38C7D725}</UniqueIdentifier>
    </Filter>
  </ItemGroup>
  <ItemGroup>
    <ClInclude Include="source\Core\ApplicationClass.h">
      <Filter>Core</Filter>
    </ClInclude>
    <ClInclude Include="source\Core\Core.h">
      <Filter>Core</Filter>
    </ClInclude>
    <ClInclude Include="source\Core\EntryPoint.h">
      <Filter>Core</Filter>
    </ClInclude>
    <ClInclude Include="source\Core\Events\Event.h">
      <Filter>Core\Events</Filter>
    </ClInclude>
    <ClInclude Include="source\Core\Events\KeyCodes.h">
      <Filter>Core\Events</Filter>
    </ClInclude>
    <ClInclude Include="source\Core\Events\KeyEvent.h">
      <Filter>Core\Events</Filter>
    </ClInclude>
    <ClInclude Include="source\Core\Events\MouseCodes.h">
      <Filter>Core\Events</Filter>
    </ClInclude>
    <ClInclude Include="source\Core\Events\MouseEvents.h">
      <Filter>Core\Events</Filter>
    </ClInclude>
    <ClInclude Include="source\Core\Events\WindowEvents.h">
      <Filter>Core\Events</Filter>
    </ClInclude>
    <ClInclude Include="source\Core\Layer.h">
      <Filter>Core</Filter>
    </ClInclude>
    <ClInclude Include="source\Core\LayerStack.h">
      <Filter>Core</Filter>
    </ClInclude>
    <ClInclude Include="source\Core\Logger.h">
      <Filter>Core</Filter>
    </ClInclude>
    <ClInclude Include="source\Core\Window.h">
      <Filter>Core</Filter>
    </ClInclude>
    <ClInclude Include="source\Platforms\Windows\WindowsWindow.h">
      <Filter>Platforms\Windows</Filter>
    </ClInclude>
    <ClInclude Include="source\vpch.h" />
  </ItemGroup>
  <ItemGroup>
    <ClCompile Include="source\Core\ApplicationClass.cpp">
      <Filter>Core</Filter>
    </ClCompile>
    <ClCompile Include="source\Core\Layer.cpp">
      <Filter>Core</Filter>
    </ClCompile>
    <ClCompile Include="source\Core\LayerStack.cpp">
      <Filter>Core</Filter>
    </ClCompile>
    <ClCompile Include="source\Core\Logger.cpp">
      <Filter>Core</Filter>
    </ClCompile>
    <ClCompile Include="source\Platforms\Windows\WindowsWindow.cpp">
      <Filter>Platforms\Windows</Filter>
    </ClCompile>
    <ClCompile Include="source\vpch.cpp" />
  </ItemGroup>
</Project>