<?xml version="1.0" encoding="utf-8"?>
<Project ToolsVersion="4.0" xmlns="http://schemas.microsoft.com/developer/msbuild/2003">
  <ItemGroup>
    <Filter Include="Core">
      <UniqueIdentifier>{2EB4837C-1AEB-840D-C3D7-6A10AFED000F}</UniqueIdentifier>
    </Filter>
    <Filter Include="Core\Events">
      <UniqueIdentifier>{52201B74-BED5-9369-47CA-8D40B37E8A6D}</UniqueIdentifier>
    </Filter>
    <Filter Include="Core\Renderer">
      <UniqueIdentifier>{948B5FDE-004C-DB14-C986-2492350620F1}</UniqueIdentifier>
    </Filter>
    <Filter Include="ImGui">
      <UniqueIdentifier>{C0FF640D-2C14-8DBE-F595-301E616989EF}</UniqueIdentifier>
    </Filter>
    <Filter Include="Platforms">
      <UniqueIdentifier>{DDACA145-4917-56BC-9255-0762FEFE3311}</UniqueIdentifier>
    </Filter>
    <Filter Include="Platforms\OpenGL">
      <UniqueIdentifier>{719BB998-5D94-D8EA-86C6-BD6F721EB8F6}</UniqueIdentifier>
    </Filter>
    <Filter Include="Platforms\Windows">
      <UniqueIdentifier>{17E40808-83FA-069E-CC71-92BF38C7D725}</UniqueIdentifier>
    </Filter>
  </ItemGroup>
  <ItemGroup>
    <ClInclude Include="source\Core\ApplicationClass.h">
      <Filter>Core</Filter>
    </ClInclude>
    <ClInclude Include="source\Core\Assert.h">
      <Filter>Core</Filter>
    </ClInclude>
    <ClInclude Include="source\Core\Core.h">
      <Filter>Core</Filter>
    </ClInclude>
    <ClInclude Include="source\Core\EntryPoint.h">
      <Filter>Core</Filter>
    </ClInclude>
    <ClInclude Include="source\Core\Events\Event.h">
      <Filter>Core\Events</Filter>
    </ClInclude>
    <ClInclude Include="source\Core\Events\KeyCodes.h">
      <Filter>Core\Events</Filter>
    </ClInclude>
    <ClInclude Include="source\Core\Events\KeyEvent.h">
      <Filter>Core\Events</Filter>
    </ClInclude>
    <ClInclude Include="source\Core\Events\MouseCodes.h">
      <Filter>Core\Events</Filter>
    </ClInclude>
    <ClInclude Include="source\Core\Events\MouseEvents.h">
      <Filter>Core\Events</Filter>
    </ClInclude>
    <ClInclude Include="source\Core\Events\WindowEvents.h">
      <Filter>Core\Events</Filter>
    </ClInclude>
    <ClInclude Include="source\Core\Input.h">
      <Filter>Core</Filter>
    </ClInclude>
    <ClInclude Include="source\Core\Layer.h">
      <Filter>Core</Filter>
    </ClInclude>
    <ClInclude Include="source\Core\LayerStack.h">
      <Filter>Core</Filter>
    </ClInclude>
    <ClInclude Include="source\Core\Logger.h">
      <Filter>Core</Filter>
    </ClInclude>
    <ClInclude Include="source\Core\Renderer\Buffers.h">
      <Filter>Core\Renderer</Filter>
    </ClInclude>
    <ClInclude Include="source\Core\Renderer\GraphicsContext.h">
      <Filter>Core\Renderer</Filter>
    </ClInclude>
    <ClInclude Include="source\Core\Renderer\RenderCommand.h">
      <Filter>Core\Renderer</Filter>
    </ClInclude>
    <ClInclude Include="source\Core\Renderer\Renderer.h">
      <Filter>Core\Renderer</Filter>
    </ClInclude>
    <ClInclude Include="source\Core\Renderer\RendererAPI.h">
      <Filter>Core\Renderer</Filter>
    </ClInclude>
    <ClInclude Include="source\Core\Renderer\Shader.h">
      <Filter>Core\Renderer</Filter>
    </ClInclude>
    <ClInclude Include="source\Core\Window.h">
      <Filter>Core</Filter>
    </ClInclude>
    <ClInclude Include="source\ImGui\ImGuiLayer.h">
      <Filter>ImGui</Filter>
    </ClInclude>
    <ClInclude Include="source\Platforms\OpenGL\OpenGLBuffers.h">
      <Filter>Platforms\OpenGL</Filter>
    </ClInclude>
    <ClInclude Include="source\Platforms\OpenGL\OpenGLContext.h">
      <Filter>Platforms\OpenGL</Filter>
    </ClInclude>
    <ClInclude Include="source\Platforms\OpenGL\OpenGLRendererAPI.h">
      <Filter>Platforms\OpenGL</Filter>
    </ClInclude>
    <ClInclude Include="source\Platforms\OpenGL\OpenGLShader.h">
      <Filter>Platforms\OpenGL</Filter>
    </ClInclude>
    <ClInclude Include="source\Platforms\Windows\WindowsInput.h">
      <Filter>Platforms\Windows</Filter>
    </ClInclude>
    <ClInclude Include="source\Platforms\Windows\WindowsWindow.h">
      <Filter>Platforms\Windows</Filter>
    </ClInclude>
    <ClInclude Include="source\vpch.h" />
  </ItemGroup>
  <ItemGroup>
    <ClCompile Include="source\Core\ApplicationClass.cpp">
      <Filter>Core</Filter>
    </ClCompile>
    <ClCompile Include="source\Core\Layer.cpp">
      <Filter>Core</Filter>
    </ClCompile>
    <ClCompile Include="source\Core\LayerStack.cpp">
      <Filter>Core</Filter>
    </ClCompile>
    <ClCompile Include="source\Core\Logger.cpp">
      <Filter>Core</Filter>
    </ClCompile>
    <ClCompile Include="source\Core\Renderer\Buffers.cpp">
      <Filter>Core\Renderer</Filter>
    </ClCompile>
    <ClCompile Include="source\Core\Renderer\RenderCommand.cpp">
      <Filter>Core\Renderer</Filter>
    </ClCompile>
    <ClCompile Include="source\Core\Renderer\Renderer.cpp">
      <Filter>Core\Renderer</Filter>
    </ClCompile>
    <ClCompile Include="source\Core\Renderer\RendererAPI.cpp">
      <Filter>Core\Renderer</Filter>
    </ClCompile>
    <ClCompile Include="source\Core\Renderer\Shader.cpp">
      <Filter>Core\Renderer</Filter>
    </ClCompile>
    <ClCompile Include="source\ImGui\ImGuiBuild.cpp">
      <Filter>ImGui</Filter>
    </ClCompile>
    <ClCompile Include="source\ImGui\ImGuiLayer.cpp">
      <Filter>ImGui</Filter>
    </ClCompile>
    <ClCompile Include="source\Platforms\OpenGL\OpenGLBuffers.cpp">
      <Filter>Platforms\OpenGL</Filter>
    </ClCompile>
    <ClCompile Include="source\Platforms\OpenGL\OpenGLContext.cpp">
      <Filter>Platforms\OpenGL</Filter>
    </ClCompile>
    <ClCompile Include="source\Platforms\OpenGL\OpenGLRendererAPI.cpp">
      <Filter>Platforms\OpenGL</Filter>
    </ClCompile>
    <ClCompile Include="source\Platforms\OpenGL\OpenGLShader.cpp">
      <Filter>Platforms\OpenGL</Filter>
    </ClCompile>
    <ClCompile Include="source\Platforms\Windows\WindowsInput.cpp">
      <Filter>Platforms\Windows</Filter>
    </ClCompile>
    <ClCompile Include="source\Platforms\Windows\WindowsWindow.cpp">
      <Filter>Platforms\Windows</Filter>
    </ClCompile>
    <ClCompile Include="source\vpch.cpp" />
  </ItemGroup>
</Project>